// !$*UTF8*$!
{
	archiveVersion = 1;
	classes = {
	};
	objectVersion = 50;
	objects = {

/* Begin PBXBuildFile section */
		FDFEFEE920F0B92600CEE0CE /* AppDelegate.m in Sources */ = {isa = PBXBuildFile; fileRef = FDFEFEE820F0B92600CEE0CE /* AppDelegate.m */; };
		FDFEFEEC20F0B92600CEE0CE /* ViewController.m in Sources */ = {isa = PBXBuildFile; fileRef = FDFEFEEB20F0B92600CEE0CE /* ViewController.m */; };
		FDFEFEEF20F0B92600CEE0CE /* Main.storyboard in Resources */ = {isa = PBXBuildFile; fileRef = FDFEFEED20F0B92600CEE0CE /* Main.storyboard */; };
		FDFEFEF120F0B92700CEE0CE /* Assets.xcassets in Resources */ = {isa = PBXBuildFile; fileRef = FDFEFEF020F0B92700CEE0CE /* Assets.xcassets */; };
		FDFEFEF420F0B92700CEE0CE /* LaunchScreen.storyboard in Resources */ = {isa = PBXBuildFile; fileRef = FDFEFEF220F0B92700CEE0CE /* LaunchScreen.storyboard */; };
		FDFEFEF720F0B92700CEE0CE /* main.m in Sources */ = {isa = PBXBuildFile; fileRef = FDFEFEF620F0B92700CEE0CE /* main.m */; };
		FDFEFF0520F0C06600CEE0CE /* TestViewController.m in Sources */ = {isa = PBXBuildFile; fileRef = FDFEFF0020F0C06600CEE0CE /* TestViewController.m */; };
		FDFEFF0620F0C06600CEE0CE /* TestClass.h in Headers */ = {isa = PBXBuildFile; fileRef = FDFEFF0220F0C06600CEE0CE /* TestClass.h */; settings = {ATTRIBUTES = (Public, ); }; };
		FDFEFF0720F0C06600CEE0CE /* TestClass.m in Sources */ = {isa = PBXBuildFile; fileRef = FDFEFF0320F0C06600CEE0CE /* TestClass.m */; };
		FDFEFF0820F0C06600CEE0CE /* TestViewController.h in Headers */ = {isa = PBXBuildFile; fileRef = FDFEFF0420F0C06600CEE0CE /* TestViewController.h */; settings = {ATTRIBUTES = (Public, ); }; };
		FDFEFF1020F301F900CEE0CE /* SDWebImage.framework in Frameworks */ = {isa = PBXBuildFile; fileRef = FDFEFF0F20F301F900CEE0CE /* SDWebImage.framework */; };
/* End PBXBuildFile section */

/* Begin PBXFileReference section */
		FDFEFED620F0B91000CEE0CE /* ZLTestPods.framework */ = {isa = PBXFileReference; explicitFileType = wrapper.framework; includeInIndex = 0; path = ZLTestPods.framework; sourceTree = BUILT_PRODUCTS_DIR; };
		FDFEFEDA20F0B91000CEE0CE /* Info.plist */ = {isa = PBXFileReference; lastKnownFileType = text.plist.xml; path = Info.plist; sourceTree = "<group>"; };
		FDFEFEE520F0B92600CEE0CE /* ZLTestPodsDemo.app */ = {isa = PBXFileReference; explicitFileType = wrapper.application; includeInIndex = 0; path = ZLTestPodsDemo.app; sourceTree = BUILT_PRODUCTS_DIR; };
		FDFEFEE720F0B92600CEE0CE /* AppDelegate.h */ = {isa = PBXFileReference; lastKnownFileType = sourcecode.c.h; path = AppDelegate.h; sourceTree = "<group>"; };
		FDFEFEE820F0B92600CEE0CE /* AppDelegate.m */ = {isa = PBXFileReference; lastKnownFileType = sourcecode.c.objc; path = AppDelegate.m; sourceTree = "<group>"; };
		FDFEFEEA20F0B92600CEE0CE /* ViewController.h */ = {isa = PBXFileReference; lastKnownFileType = sourcecode.c.h; path = ViewController.h; sourceTree = "<group>"; };
		FDFEFEEB20F0B92600CEE0CE /* ViewController.m */ = {isa = PBXFileReference; lastKnownFileType = sourcecode.c.objc; path = ViewController.m; sourceTree = "<group>"; };
		FDFEFEEE20F0B92600CEE0CE /* Base */ = {isa = PBXFileReference; lastKnownFileType = file.storyboard; name = Base; path = Base.lproj/Main.storyboard; sourceTree = "<group>"; };
		FDFEFEF020F0B92700CEE0CE /* Assets.xcassets */ = {isa = PBXFileReference; lastKnownFileType = folder.assetcatalog; path = Assets.xcassets; sourceTree = "<group>"; };
		FDFEFEF320F0B92700CEE0CE /* Base */ = {isa = PBXFileReference; lastKnownFileType = file.storyboard; name = Base; path = Base.lproj/LaunchScreen.storyboard; sourceTree = "<group>"; };
		FDFEFEF520F0B92700CEE0CE /* Info.plist */ = {isa = PBXFileReference; lastKnownFileType = text.plist.xml; path = Info.plist; sourceTree = "<group>"; };
		FDFEFEF620F0B92700CEE0CE /* main.m */ = {isa = PBXFileReference; lastKnownFileType = sourcecode.c.objc; path = main.m; sourceTree = "<group>"; };
		FDFEFF0020F0C06600CEE0CE /* TestViewController.m */ = {isa = PBXFileReference; fileEncoding = 4; lastKnownFileType = sourcecode.c.objc; path = TestViewController.m; sourceTree = "<group>"; };
		FDFEFF0220F0C06600CEE0CE /* TestClass.h */ = {isa = PBXFileReference; fileEncoding = 4; lastKnownFileType = sourcecode.c.h; path = TestClass.h; sourceTree = "<group>"; };
		FDFEFF0320F0C06600CEE0CE /* TestClass.m */ = {isa = PBXFileReference; fileEncoding = 4; lastKnownFileType = sourcecode.c.objc; path = TestClass.m; sourceTree = "<group>"; };
		FDFEFF0420F0C06600CEE0CE /* TestViewController.h */ = {isa = PBXFileReference; fileEncoding = 4; lastKnownFileType = sourcecode.c.h; path = TestViewController.h; sourceTree = "<group>"; };
		FDFEFF0F20F301F900CEE0CE /* SDWebImage.framework */ = {isa = PBXFileReference; explicitFileType = wrapper.framework; path = SDWebImage.framework; sourceTree = BUILT_PRODUCTS_DIR; };
/* End PBXFileReference section */

/* Begin PBXFrameworksBuildPhase section */
		FDFEFED220F0B91000CEE0CE /* Frameworks */ = {
			isa = PBXFrameworksBuildPhase;
			buildActionMask = 2147483647;
			files = (
				FDFEFF1020F301F900CEE0CE /* SDWebImage.framework in Frameworks */,
			);
			runOnlyForDeploymentPostprocessing = 0;
		};
		FDFEFEE220F0B92600CEE0CE /* Frameworks */ = {
			isa = PBXFrameworksBuildPhase;
			buildActionMask = 2147483647;
			files = (
			);
			runOnlyForDeploymentPostprocessing = 0;
		};
/* End PBXFrameworksBuildPhase section */

/* Begin PBXGroup section */
		FDFEFECC20F0B91000CEE0CE = {
			isa = PBXGroup;
			children = (
				FDFEFED820F0B91000CEE0CE /* ZLTestPods */,
				FDFEFEE620F0B92600CEE0CE /* ZLTestPodsDemo */,
				FDFEFED720F0B91000CEE0CE /* Products */,
				FDFEFEFC20F0C02E00CEE0CE /* Frameworks */,
			);
			sourceTree = "<group>";
		};
		FDFEFED720F0B91000CEE0CE /* Products */ = {
			isa = PBXGroup;
			children = (
				FDFEFED620F0B91000CEE0CE /* ZLTestPods.framework */,
				FDFEFEE520F0B92600CEE0CE /* ZLTestPodsDemo.app */,
			);
			name = Products;
			sourceTree = "<group>";
		};
		FDFEFED820F0B91000CEE0CE /* ZLTestPods */ = {
			isa = PBXGroup;
			children = (
				FDFEFEFF20F0C06600CEE0CE /* TestFolder */,
				FDFEFEDA20F0B91000CEE0CE /* Info.plist */,
			);
			path = ZLTestPods;
			sourceTree = "<group>";
		};
		FDFEFEE620F0B92600CEE0CE /* ZLTestPodsDemo */ = {
			isa = PBXGroup;
			children = (
				FDFEFEE720F0B92600CEE0CE /* AppDelegate.h */,
				FDFEFEE820F0B92600CEE0CE /* AppDelegate.m */,
				FDFEFEEA20F0B92600CEE0CE /* ViewController.h */,
				FDFEFEEB20F0B92600CEE0CE /* ViewController.m */,
				FDFEFEED20F0B92600CEE0CE /* Main.storyboard */,
				FDFEFEF020F0B92700CEE0CE /* Assets.xcassets */,
				FDFEFEF220F0B92700CEE0CE /* LaunchScreen.storyboard */,
				FDFEFEF520F0B92700CEE0CE /* Info.plist */,
				FDFEFEF620F0B92700CEE0CE /* main.m */,
			);
			path = ZLTestPodsDemo;
			sourceTree = "<group>";
		};
		FDFEFEFC20F0C02E00CEE0CE /* Frameworks */ = {
			isa = PBXGroup;
			children = (
				FDFEFF0F20F301F900CEE0CE /* SDWebImage.framework */,
			);
			name = Frameworks;
			sourceTree = "<group>";
		};
		FDFEFEFF20F0C06600CEE0CE /* TestFolder */ = {
			isa = PBXGroup;
			children = (
				FDFEFF0120F0C06600CEE0CE /* InnerFloder */,
				FDFEFF0420F0C06600CEE0CE /* TestViewController.h */,
				FDFEFF0020F0C06600CEE0CE /* TestViewController.m */,
			);
			path = TestFolder;
			sourceTree = "<group>";
		};
		FDFEFF0120F0C06600CEE0CE /* InnerFloder */ = {
			isa = PBXGroup;
			children = (
				FDFEFF0220F0C06600CEE0CE /* TestClass.h */,
				FDFEFF0320F0C06600CEE0CE /* TestClass.m */,
			);
			path = InnerFloder;
			sourceTree = "<group>";
		};
/* End PBXGroup section */

/* Begin PBXHeadersBuildPhase section */
		FDFEFED320F0B91000CEE0CE /* Headers */ = {
			isa = PBXHeadersBuildPhase;
			buildActionMask = 2147483647;
			files = (
				FDFEFF0620F0C06600CEE0CE /* TestClass.h in Headers */,
				FDFEFF0820F0C06600CEE0CE /* TestViewController.h in Headers */,
			);
			runOnlyForDeploymentPostprocessing = 0;
		};
/* End PBXHeadersBuildPhase section */

/* Begin PBXNativeTarget section */
		FDFEFED520F0B91000CEE0CE /* ZLTestPods */ = {
			isa = PBXNativeTarget;
			buildConfigurationList = FDFEFEDE20F0B91000CEE0CE /* Build configuration list for PBXNativeTarget "ZLTestPods" */;
			buildPhases = (
				FDFEFED120F0B91000CEE0CE /* Sources */,
				FDFEFED220F0B91000CEE0CE /* Frameworks */,
				FDFEFED320F0B91000CEE0CE /* Headers */,
				FDFEFED420F0B91000CEE0CE /* Resources */,
			);
			buildRules = (
			);
			dependencies = (
			);
			name = ZLTestPods;
			productName = ZLTestPods;
			productReference = FDFEFED620F0B91000CEE0CE /* ZLTestPods.framework */;
			productType = "com.apple.product-type.framework";
		};
		FDFEFEE420F0B92600CEE0CE /* ZLTestPodsDemo */ = {
			isa = PBXNativeTarget;
			buildConfigurationList = FDFEFEF820F0B92700CEE0CE /* Build configuration list for PBXNativeTarget "ZLTestPodsDemo" */;
			buildPhases = (
				FDFEFEE120F0B92600CEE0CE /* Sources */,
				FDFEFEE220F0B92600CEE0CE /* Frameworks */,
				FDFEFEE320F0B92600CEE0CE /* Resources */,
				FDFEFEFB20F0C00900CEE0CE /* ShellScript */,
			);
			buildRules = (
			);
			dependencies = (
			);
			name = ZLTestPodsDemo;
			productName = ZLTestPodsDemo;
			productReference = FDFEFEE520F0B92600CEE0CE /* ZLTestPodsDemo.app */;
			productType = "com.apple.product-type.application";
		};
/* End PBXNativeTarget section */

/* Begin PBXProject section */
		FDFEFECD20F0B91000CEE0CE /* Project object */ = {
			isa = PBXProject;
			attributes = {
				LastUpgradeCheck = 0930;
				ORGANIZATIONNAME = long;
				TargetAttributes = {
					FDFEFED520F0B91000CEE0CE = {
						CreatedOnToolsVersion = 9.3;
					};
					FDFEFEE420F0B92600CEE0CE = {
						CreatedOnToolsVersion = 9.3;
					};
				};
			};
			buildConfigurationList = FDFEFED020F0B91000CEE0CE /* Build configuration list for PBXProject "ZLTestPods" */;
			compatibilityVersion = "Xcode 9.3";
			developmentRegion = en;
			hasScannedForEncodings = 0;
			knownRegions = (
				en,
				Base,
			);
			mainGroup = FDFEFECC20F0B91000CEE0CE;
			productRefGroup = FDFEFED720F0B91000CEE0CE /* Products */;
			projectDirPath = "";
			projectRoot = "";
			targets = (
				FDFEFED520F0B91000CEE0CE /* ZLTestPods */,
				FDFEFEE420F0B92600CEE0CE /* ZLTestPodsDemo */,
			);
		};
/* End PBXProject section */

/* Begin PBXResourcesBuildPhase section */
		FDFEFED420F0B91000CEE0CE /* Resources */ = {
			isa = PBXResourcesBuildPhase;
			buildActionMask = 2147483647;
			files = (
			);
			runOnlyForDeploymentPostprocessing = 0;
		};
		FDFEFEE320F0B92600CEE0CE /* Resources */ = {
			isa = PBXResourcesBuildPhase;
			buildActionMask = 2147483647;
			files = (
				FDFEFEF420F0B92700CEE0CE /* LaunchScreen.storyboard in Resources */,
				FDFEFEF120F0B92700CEE0CE /* Assets.xcassets in Resources */,
				FDFEFEEF20F0B92600CEE0CE /* Main.storyboard in Resources */,
			);
			runOnlyForDeploymentPostprocessing = 0;
		};
/* End PBXResourcesBuildPhase section */

/* Begin PBXShellScriptBuildPhase section */
		FDFEFEFB20F0C00900CEE0CE /* ShellScript */ = {
			isa = PBXShellScriptBuildPhase;
			buildActionMask = 2147483647;
			files = (
			);
			inputPaths = (
				"$(SRCROOT)/Carthage/Build/iOS/SDWebImage.framework",
			);
			outputPaths = (
			);
			runOnlyForDeploymentPostprocessing = 0;
			shellPath = /bin/sh;
			shellScript = "/usr/local/bin/carthage copy-frameworks";
		};
/* End PBXShellScriptBuildPhase section */

/* Begin PBXSourcesBuildPhase section */
		FDFEFED120F0B91000CEE0CE /* Sources */ = {
			isa = PBXSourcesBuildPhase;
			buildActionMask = 2147483647;
			files = (
				FDFEFF0720F0C06600CEE0CE /* TestClass.m in Sources */,
				FDFEFF0520F0C06600CEE0CE /* TestViewController.m in Sources */,
			);
			runOnlyForDeploymentPostprocessing = 0;
		};
		FDFEFEE120F0B92600CEE0CE /* Sources */ = {
			isa = PBXSourcesBuildPhase;
			buildActionMask = 2147483647;
			files = (
				FDFEFEEC20F0B92600CEE0CE /* ViewController.m in Sources */,
				FDFEFEF720F0B92700CEE0CE /* main.m in Sources */,
				FDFEFEE920F0B92600CEE0CE /* AppDelegate.m in Sources */,
			);
			runOnlyForDeploymentPostprocessing = 0;
		};
/* End PBXSourcesBuildPhase section */

/* Begin PBXVariantGroup section */
		FDFEFEED20F0B92600CEE0CE /* Main.storyboard */ = {
			isa = PBXVariantGroup;
			children = (
				FDFEFEEE20F0B92600CEE0CE /* Base */,
			);
			name = Main.storyboard;
			sourceTree = "<group>";
		};
		FDFEFEF220F0B92700CEE0CE /* LaunchScreen.storyboard */ = {
			isa = PBXVariantGroup;
			children = (
				FDFEFEF320F0B92700CEE0CE /* Base */,
			);
			name = LaunchScreen.storyboard;
			sourceTree = "<group>";
		};
/* End PBXVariantGroup section */

/* Begin XCBuildConfiguration section */
		FDFEFEDC20F0B91000CEE0CE /* Debug */ = {
			isa = XCBuildConfiguration;
			buildSettings = {
				ALWAYS_SEARCH_USER_PATHS = NO;
				CLANG_ANALYZER_NONNULL = YES;
				CLANG_ANALYZER_NUMBER_OBJECT_CONVERSION = YES_AGGRESSIVE;
				CLANG_CXX_LANGUAGE_STANDARD = "gnu++14";
				CLANG_CXX_LIBRARY = "libc++";
				CLANG_ENABLE_MODULES = YES;
				CLANG_ENABLE_OBJC_ARC = YES;
				CLANG_ENABLE_OBJC_WEAK = YES;
				CLANG_WARN_BLOCK_CAPTURE_AUTORELEASING = YES;
				CLANG_WARN_BOOL_CONVERSION = YES;
				CLANG_WARN_COMMA = YES;
				CLANG_WARN_CONSTANT_CONVERSION = YES;
				CLANG_WARN_DEPRECATED_OBJC_IMPLEMENTATIONS = YES;
				CLANG_WARN_DIRECT_OBJC_ISA_USAGE = YES_ERROR;
				CLANG_WARN_DOCUMENTATION_COMMENTS = YES;
				CLANG_WARN_EMPTY_BODY = YES;
				CLANG_WARN_ENUM_CONVERSION = YES;
				CLANG_WARN_INFINITE_RECURSION = YES;
				CLANG_WARN_INT_CONVERSION = YES;
				CLANG_WARN_NON_LITERAL_NULL_CONVERSION = YES;
				CLANG_WARN_OBJC_IMPLICIT_RETAIN_SELF = YES;
				CLANG_WARN_OBJC_LITERAL_CONVERSION = YES;
				CLANG_WARN_OBJC_ROOT_CLASS = YES_ERROR;
				CLANG_WARN_RANGE_LOOP_ANALYSIS = YES;
				CLANG_WARN_STRICT_PROTOTYPES = YES;
				CLANG_WARN_SUSPICIOUS_MOVE = YES;
				CLANG_WARN_UNGUARDED_AVAILABILITY = YES_AGGRESSIVE;
				CLANG_WARN_UNREACHABLE_CODE = YES;
				CLANG_WARN__DUPLICATE_METHOD_MATCH = YES;
				CODE_SIGN_IDENTITY = "iPhone Developer";
				COPY_PHASE_STRIP = NO;
				CURRENT_PROJECT_VERSION = 1;
				DEBUG_INFORMATION_FORMAT = dwarf;
				ENABLE_STRICT_OBJC_MSGSEND = YES;
				ENABLE_TESTABILITY = YES;
				GCC_C_LANGUAGE_STANDARD = gnu11;
				GCC_DYNAMIC_NO_PIC = NO;
				GCC_NO_COMMON_BLOCKS = YES;
				GCC_OPTIMIZATION_LEVEL = 0;
				GCC_PREPROCESSOR_DEFINITIONS = (
					"DEBUG=1",
					"$(inherited)",
				);
				GCC_WARN_64_TO_32_BIT_CONVERSION = YES;
				GCC_WARN_ABOUT_RETURN_TYPE = YES_ERROR;
				GCC_WARN_UNDECLARED_SELECTOR = YES;
				GCC_WARN_UNINITIALIZED_AUTOS = YES_AGGRESSIVE;
				GCC_WARN_UNUSED_FUNCTION = YES;
				GCC_WARN_UNUSED_VARIABLE = YES;
				IPHONEOS_DEPLOYMENT_TARGET = 11.3;
				MTL_ENABLE_DEBUG_INFO = YES;
				ONLY_ACTIVE_ARCH = YES;
				SDKROOT = iphoneos;
				VERSIONING_SYSTEM = "apple-generic";
				VERSION_INFO_PREFIX = "";
			};
			name = Debug;
		};
		FDFEFEDD20F0B91000CEE0CE /* Release */ = {
			isa = XCBuildConfiguration;
			buildSettings = {
				ALWAYS_SEARCH_USER_PATHS = NO;
				CLANG_ANALYZER_NONNULL = YES;
				CLANG_ANALYZER_NUMBER_OBJECT_CONVERSION = YES_AGGRESSIVE;
				CLANG_CXX_LANGUAGE_STANDARD = "gnu++14";
				CLANG_CXX_LIBRARY = "libc++";
				CLANG_ENABLE_MODULES = YES;
				CLANG_ENABLE_OBJC_ARC = YES;
				CLANG_ENABLE_OBJC_WEAK = YES;
				CLANG_WARN_BLOCK_CAPTURE_AUTORELEASING = YES;
				CLANG_WARN_BOOL_CONVERSION = YES;
				CLANG_WARN_COMMA = YES;
				CLANG_WARN_CONSTANT_CONVERSION = YES;
				CLANG_WARN_DEPRECATED_OBJC_IMPLEMENTATIONS = YES;
				CLANG_WARN_DIRECT_OBJC_ISA_USAGE = YES_ERROR;
				CLANG_WARN_DOCUMENTATION_COMMENTS = YES;
				CLANG_WARN_EMPTY_BODY = YES;
				CLANG_WARN_ENUM_CONVERSION = YES;
				CLANG_WARN_INFINITE_RECURSION = YES;
				CLANG_WARN_INT_CONVERSION = YES;
				CLANG_WARN_NON_LITERAL_NULL_CONVERSION = YES;
				CLANG_WARN_OBJC_IMPLICIT_RETAIN_SELF = YES;
				CLANG_WARN_OBJC_LITERAL_CONVERSION = YES;
				CLANG_WARN_OBJC_ROOT_CLASS = YES_ERROR;
				CLANG_WARN_RANGE_LOOP_ANALYSIS = YES;
				CLANG_WARN_STRICT_PROTOTYPES = YES;
				CLANG_WARN_SUSPICIOUS_MOVE = YES;
				CLANG_WARN_UNGUARDED_AVAILABILITY = YES_AGGRESSIVE;
				CLANG_WARN_UNREACHABLE_CODE = YES;
				CLANG_WARN__DUPLICATE_METHOD_MATCH = YES;
				CODE_SIGN_IDENTITY = "iPhone Developer";
				COPY_PHASE_STRIP = NO;
				CURRENT_PROJECT_VERSION = 1;
				DEBUG_INFORMATION_FORMAT = "dwarf-with-dsym";
				ENABLE_NS_ASSERTIONS = NO;
				ENABLE_STRICT_OBJC_MSGSEND = YES;
				GCC_C_LANGUAGE_STANDARD = gnu11;
				GCC_NO_COMMON_BLOCKS = YES;
				GCC_WARN_64_TO_32_BIT_CONVERSION = YES;
				GCC_WARN_ABOUT_RETURN_TYPE = YES_ERROR;
				GCC_WARN_UNDECLARED_SELECTOR = YES;
				GCC_WARN_UNINITIALIZED_AUTOS = YES_AGGRESSIVE;
				GCC_WARN_UNUSED_FUNCTION = YES;
				GCC_WARN_UNUSED_VARIABLE = YES;
				IPHONEOS_DEPLOYMENT_TARGET = 11.3;
				MTL_ENABLE_DEBUG_INFO = NO;
				SDKROOT = iphoneos;
				VALIDATE_PRODUCT = YES;
				VERSIONING_SYSTEM = "apple-generic";
				VERSION_INFO_PREFIX = "";
			};
			name = Release;
		};
		FDFEFEDF20F0B91000CEE0CE /* Debug */ = {
			isa = XCBuildConfiguration;
			buildSettings = {
				CODE_SIGN_IDENTITY = "";
				CODE_SIGN_STYLE = Automatic;
				DEFINES_MODULE = YES;
				DYLIB_COMPATIBILITY_VERSION = 1;
				DYLIB_CURRENT_VERSION = 1;
				DYLIB_INSTALL_NAME_BASE = "@rpath";
				INFOPLIST_FILE = ZLTestPods/Info.plist;
				INSTALL_PATH = "$(LOCAL_LIBRARY_DIR)/Frameworks";
				LD_RUNPATH_SEARCH_PATHS = (
					"$(inherited)",
					"@executable_path/Frameworks",
					"@loader_path/Frameworks",
				);
				PRODUCT_BUNDLE_IDENTIFIER = com.ZLTestPods;
				PRODUCT_NAME = "$(TARGET_NAME:c99extidentifier)";
				SKIP_INSTALL = YES;
				TARGETED_DEVICE_FAMILY = "1,2";
			};
			name = Debug;
		};
		FDFEFEE020F0B91000CEE0CE /* Release */ = {
			isa = XCBuildConfiguration;
			buildSettings = {
				CODE_SIGN_IDENTITY = "";
				CODE_SIGN_STYLE = Automatic;
				DEFINES_MODULE = YES;
				DYLIB_COMPATIBILITY_VERSION = 1;
				DYLIB_CURRENT_VERSION = 1;
				DYLIB_INSTALL_NAME_BASE = "@rpath";
				INFOPLIST_FILE = ZLTestPods/Info.plist;
				INSTALL_PATH = "$(LOCAL_LIBRARY_DIR)/Frameworks";
				LD_RUNPATH_SEARCH_PATHS = (
					"$(inherited)",
					"@executable_path/Frameworks",
					"@loader_path/Frameworks",
				);
				PRODUCT_BUNDLE_IDENTIFIER = com.ZLTestPods;
				PRODUCT_NAME = "$(TARGET_NAME:c99extidentifier)";
				SKIP_INSTALL = YES;
				TARGETED_DEVICE_FAMILY = "1,2";
			};
			name = Release;
		};
		FDFEFEF920F0B92700CEE0CE /* Debug */ = {
			isa = XCBuildConfiguration;
			buildSettings = {
				ASSETCATALOG_COMPILER_APPICON_NAME = AppIcon;
				CODE_SIGN_STYLE = Automatic;
				FRAMEWORK_SEARCH_PATHS = (
					"$(inherited)",
					"$(PROJECT_DIR)/Carthage/Build/iOS",
				);
				INFOPLIST_FILE = ZLTestPodsDemo/Info.plist;
				LD_RUNPATH_SEARCH_PATHS = (
					"$(inherited)",
					"@executable_path/Frameworks",
				);
				PRODUCT_BUNDLE_IDENTIFIER = com.ZLTestPodsDemo;
				PRODUCT_NAME = "$(TARGET_NAME)";
				TARGETED_DEVICE_FAMILY = "1,2";
			};
			name = Debug;
		};
		FDFEFEFA20F0B92700CEE0CE /* Release */ = {
			isa = XCBuildConfiguration;
			buildSettings = {
				ASSETCATALOG_COMPILER_APPICON_NAME = AppIcon;
				CODE_SIGN_STYLE = Automatic;
				FRAMEWORK_SEARCH_PATHS = (
					"$(inherited)",
					"$(PROJECT_DIR)/Carthage/Build/iOS",
				);
				INFOPLIST_FILE = ZLTestPodsDemo/Info.plist;
				LD_RUNPATH_SEARCH_PATHS = (
					"$(inherited)",
					"@executable_path/Frameworks",
				);
				PRODUCT_BUNDLE_IDENTIFIER = com.ZLTestPodsDemo;
				PRODUCT_NAME = "$(TARGET_NAME)";
				TARGETED_DEVICE_FAMILY = "1,2";
			};
			name = Release;
		};
/* End XCBuildConfiguration section */

/* Begin XCConfigurationList section */
		FDFEFED020F0B91000CEE0CE /* Build configuration list for PBXProject "ZLTestPods" */ = {
			isa = XCConfigurationList;
			buildConfigurations = (
				FDFEFEDC20F0B91000CEE0CE /* Debug */,
				FDFEFEDD20F0B91000CEE0CE /* Release */,
			);
			defaultConfigurationIsVisible = 0;
			defaultConfigurationName = Release;
		};
		FDFEFEDE20F0B91000CEE0CE /* Build configuration list for PBXNativeTarget "ZLTestPods" */ = {
			isa = XCConfigurationList;
			buildConfigurations = (
				FDFEFEDF20F0B91000CEE0CE /* Debug */,
				FDFEFEE020F0B91000CEE0CE /* Release */,
			);
			defaultConfigurationIsVisible = 0;
			defaultConfigurationName = Release;
		};
		FDFEFEF820F0B92700CEE0CE /* Build configuration list for PBXNativeTarget "ZLTestPodsDemo" */ = {
			isa = XCConfigurationList;
			buildConfigurations = (
				FDFEFEF920F0B92700CEE0CE /* Debug */,
				FDFEFEFA20F0B92700CEE0CE /* Release */,
			);
			defaultConfigurationIsVisible = 0;
			defaultConfigurationName = Release;
		};
/* End XCConfigurationList section */
	};
	rootObject = FDFEFECD20F0B91000CEE0CE /* Project object */;
}
